
Microsoft Visual Studio Solution File, Format Version 12.00
# Visual Studio 15
Project("{FAE04EC0-301F-11D3-BF4B-00C04F79EFBC}") = "StaryuValley", "StaryuValley\StaryuValley.csproj", "{C32EFF5D-0EA5-49E2-9672-0A3B4B592257}"
EndProject
Global
	GlobalSection(SolutionConfigurationPlatforms) = preSolution
		Debug|Any CPU = Debug|Any CPU
		Release|Any CPU = Release|Any CPU
	EndGlobalSection
	GlobalSection(ProjectConfigurationPlatforms) = postSolution
		{C32EFF5D-0EA5-49E2-9672-0A3B4B592257}.Debug|Any CPU.ActiveCfg = Debug|Any CPU
		{C32EFF5D-0EA5-49E2-9672-0A3B4B592257}.Debug|Any CPU.Build.0 = Debug|Any CPU
		{C32EFF5D-0EA5-49E2-9672-0A3B4B592257}.Release|Any CPU.ActiveCfg = Release|Any CPU
		{C32EFF5D-0EA5-49E2-9672-0A3B4B592257}.Release|Any CPU.Build.0 = Release|Any CPU
	EndGlobalSection
EndGlobal
